
Microsoft Visual Studio Solution File, Format Version 12.00
# Visual Studio Version 16
VisualStudioVersion = 16.0.30104.148
MinimumVisualStudioVersion = 10.0.40219.1
Project("{FAE04EC0-301F-11D3-BF4B-00C04F79EFBC}") = "XieChenProject.Api", "XieChenProject.Api\XieChenProject.Api.csproj", "{D9AE7FC7-FFEF-4C6C-A1B5-4DBE1DCF2A56}"
EndProject
Global
	GlobalSection(SolutionConfigurationPlatforms) = preSolution
		Debug|Any CPU = Debug|Any CPU
		Release|Any CPU = Release|Any CPU
	EndGlobalSection
	GlobalSection(ProjectConfigurationPlatforms) = postSolution
		{D9AE7FC7-FFEF-4C6C-A1B5-4DBE1DCF2A56}.Debug|Any CPU.ActiveCfg = Debug|Any CPU
		{D9AE7FC7-FFEF-4C6C-A1B5-4DBE1DCF2A56}.Debug|Any CPU.Build.0 = Debug|Any CPU
		{D9AE7FC7-FFEF-4C6C-A1B5-4DBE1DCF2A56}.Release|Any CPU.ActiveCfg = Release|Any CPU
		{D9AE7FC7-FFEF-4C6C-A1B5-4DBE1DCF2A56}.Release|Any CPU.Build.0 = Release|Any CPU
	EndGlobalSection
	GlobalSection(SolutionProperties) = preSolution
		HideSolutionNode = FALSE
	EndGlobalSection
	GlobalSection(ExtensibilityGlobals) = postSolution
		SolutionGuid = {1E464304-71E1-4D05-8EF1-344EB526F20E}
	EndGlobalSection
EndGlobal
